
Microsoft Visual Studio Solution File, Format Version 12.00
# Visual Studio Version 17
VisualStudioVersion = 17.14.36616.10 d17.14
MinimumVisualStudioVersion = 10.0.40219.1
Project("{FAE04EC0-301F-11D3-BF4B-00C04F79EFBC}") = "Saksoftsupermarketsystemapi", "Saksoftsupermarketsystemapi\Saksoftsupermarketsystemapi.csproj", "{430CAD0A-8F03-45A7-A5C8-725D0E7E0C28}"
EndProject
Global
	GlobalSection(SolutionConfigurationPlatforms) = preSolution
		Debug|Any CPU = Debug|Any CPU
		Release|Any CPU = Release|Any CPU
	EndGlobalSection
	GlobalSection(ProjectConfigurationPlatforms) = postSolution
		{430CAD0A-8F03-45A7-A5C8-725D0E7E0C28}.Debug|Any CPU.ActiveCfg = Debug|Any CPU
		{430CAD0A-8F03-45A7-A5C8-725D0E7E0C28}.Debug|Any CPU.Build.0 = Debug|Any CPU
		{430CAD0A-8F03-45A7-A5C8-725D0E7E0C28}.Release|Any CPU.ActiveCfg = Release|Any CPU
		{430CAD0A-8F03-45A7-A5C8-725D0E7E0C28}.Release|Any CPU.Build.0 = Release|Any CPU
	EndGlobalSection
	GlobalSection(SolutionProperties) = preSolution
		HideSolutionNode = FALSE
	EndGlobalSection
	GlobalSection(ExtensibilityGlobals) = postSolution
		SolutionGuid = {2DBF5002-F68C-406C-AE03-DACC643C2ED0}
	EndGlobalSection
EndGlobal
